<?xml version="1.0" encoding="UTF-8"?>
<Scheme LastUpgradeVersion="2620" version="1.3">
  <BuildAction parallelizeBuildables="YES" buildImplicitDependencies="YES">
    <BuildActionEntries>
      <BuildActionEntry buildForTesting="YES" buildForRunning="YES" buildForProfiling="YES" buildForArchiving="YES" buildForAnalyzing="YES">
        <BuildableReference BuildableIdentifier="primary" BlueprintIdentifier="B6B8C95F2F39C9EF000D14FB" BuildableName="Bankids.app" BlueprintName="Bankids" ReferencedContainer="container:Bankids.xcodeproj"/>
      </BuildActionEntry>
    </BuildActionEntries>
  </BuildAction>
  <TestAction buildConfiguration="Debug" selectedDebuggerIdentifier="Xcode.DebuggerFoundation.Debugger.LLDB" selectedLauncherIdentifier="Xcode.IDEFoundation.Launcher.LLDB" shouldUseLaunchSchemeArgsEnv="YES">
    <Testables>
      <TestableReference skipped="NO" parallelizable="NO">
        <BuildableReference BuildableIdentifier="primary" BlueprintIdentifier="BACC00000000000000000005" BuildableName="BankidsTests.xctest" BlueprintName="BankidsTests" ReferencedContainer="container:Bankids.xcodeproj"/>
      </TestableReference>
      <TestableReference skipped="NO" parallelizable="NO">
        <BuildableReference BuildableIdentifier="primary" BlueprintIdentifier="BACC00000000000000000015" BuildableName="BankidsUITests.xctest" BlueprintName="BankidsUITests" ReferencedContainer="container:Bankids.xcodeproj"/>
      </TestableReference>
    </Testables>
  </TestAction>
  <LaunchAction buildConfiguration="Debug" selectedDebuggerIdentifier="Xcode.DebuggerFoundation.Debugger.LLDB" selectedLauncherIdentifier="Xcode.IDEFoundation.Launcher.LLDB" launchStyle="0" useCustomWorkingDirectory="NO" ignoresPersistentStateOnLaunch="NO" debugServiceExtension="internal" allowLocationSimulation="YES">
    <BuildableProductRunnable runnableDebuggingMode="0">
      <BuildableReference BuildableIdentifier="primary" BlueprintIdentifier="B6B8C95F2F39C9EF000D14FB" BuildableName="Bankids.app" BlueprintName="Bankids" ReferencedContainer="container:Bankids.xcodeproj"/>
    </BuildableProductRunnable>
  </LaunchAction>
  <ProfileAction buildConfiguration="Release" shouldUseLaunchSchemeArgsEnv="YES" savedToolIdentifier="" useCustomWorkingDirectory="NO" debugDocumentVersioning="YES">
    <BuildableProductRunnable runnableDebuggingMode="0">
      <BuildableReference BuildableIdentifier="primary" BlueprintIdentifier="B6B8C95F2F39C9EF000D14FB" BuildableName="Bankids.app" BlueprintName="Bankids" ReferencedContainer="container:Bankids.xcodeproj"/>
    </BuildableProductRunnable>
  </ProfileAction>
  <AnalyzeAction buildConfiguration="Debug"/>
  <ArchiveAction buildConfiguration="Release" revealArchiveInOrganizer="YES"/>
</Scheme>
